{
    "dompdf/dompdf": {
        "version": "v1.0.2"
    },
    "friendsofsymfony/ckeditor-bundle": {
        "version": "2.0",
        "recipe": {
            "repo": "github.com/symfony/recipes-contrib",
            "branch": "master",
            "version": "2.0",
            "ref": "8eb1cd0962ded6a6d6e1e5a9b6d3e888f9f94ff6"
        },
        "files": [
            "./config/packages/fos_ckeditor.yaml"
        ]
    },
    "gregwar/captcha": {
        "version": "v1.1.9"
    },
    "gregwar/captcha-bundle": {
        "version": "v2.1.5"
    },
    "jbafford/password-strength-bundle": {
        "version": "dev-master"
    },
    "knplabs/knp-components": {
        "version": "v3.0.2"
    },
    "knplabs/knp-paginator-bundle": {
        "version": "v5.4.2"
    },
    "phenx/php-font-lib": {
        "version": "0.5.2"
    },
    "phenx/php-svg-lib": {
        "version": "v0.3.3"
    },
    "sabberworm/php-css-parser": {
        "version": "8.3.1"
    }
}
