{
    "dompdf/dompdf": {
        "version": "v1.0.2"
    },
    "gregwar/captcha": {
        "version": "v1.1.9"
    },
    "gregwar/captcha-bundle": {
        "version": "v2.1.5"
    },
    "jbafford/password-strength-bundle": {
        "version": "dev-master"
    },
    "knplabs/knp-components": {
        "version": "v3.0.2"
    },
    "knplabs/knp-paginator-bundle": {
        "version": "v5.4.2"
    },
    "phenx/php-font-lib": {
        "version": "0.5.2"
    },
    "phenx/php-svg-lib": {
        "version": "v0.3.3"
    },
    "sabberworm/php-css-parser": {
        "version": "8.3.1"
    }
}
