{
    "bacon/bacon-qr-code": {
        "version": "2.0.3"
    },
    "dasprid/enum": {
        "version": "1.0.3"
    },
    "endroid/installer": {
        "version": "1.x-dev"
    },
    "endroid/qr-code": {
        "version": "4.x-dev"
    },
    "endroid/qr-code-bundle": {
        "version": "4.x-dev"
    },
    "tattali/calendar-bundle": {
        "version": "1.1",
        "recipe": {
            "repo": "github.com/symfony/recipes-contrib",
            "branch": "master",
            "version": "1.1",
            "ref": "0c643e17b5340747b35c2c75e11727fa31bfa9bb"
        },
        "files": [
            "./config/routes/calendar.yaml"
        ]
    },
    "toiba/fullcalendar-bundle": {
        "version": "6.2",
        "recipe": {
            "repo": "github.com/symfony/recipes-contrib",
            "branch": "master",
            "version": "6.2",
            "ref": "43c9033fa6f75f9325f9ac21787c8e8acb086934"
        },
        "files": [
            "./config/routes/fullcalendar.yaml"
        ]
    }
}
